// !$*UTF8*$!
{
	archiveVersion = 1;
	classes = {
	};
	objectVersion = 53;
	objects = {

/* Begin PBXBuildFile section */
		43BC8E62271AA962007E1C1A /* AppDelegate.swift in Sources */ = {isa = PBXBuildFile; fileRef = 43BC8E61271AA962007E1C1A /* AppDelegate.swift */; };
		43BC8E64271AA962007E1C1A /* SceneDelegate.swift in Sources */ = {isa = PBXBuildFile; fileRef = 43BC8E63271AA962007E1C1A /* SceneDelegate.swift */; };
		43BC8E66271AA962007E1C1A /* ViewController.swift in Sources */ = {isa = PBXBuildFile; fileRef = 43BC8E65271AA962007E1C1A /* ViewController.swift */; };
		43BC8E69271AA962007E1C1A /* Main.storyboard in Resources */ = {isa = PBXBuildFile; fileRef = 43BC8E67271AA962007E1C1A /* Main.storyboard */; };
		43BC8E6B271AA963007E1C1A /* Assets.xcassets in Resources */ = {isa = PBXBuildFile; fileRef = 43BC8E6A271AA963007E1C1A /* Assets.xcassets */; };
		43BC8E6E271AA963007E1C1A /* LaunchScreen.storyboard in Resources */ = {isa = PBXBuildFile; fileRef = 43BC8E6C271AA963007E1C1A /* LaunchScreen.storyboard */; };
		CF7511A8A96BC605BCCFB3E3 /* Pods_DecimalExample.framework in Frameworks */ = {isa = PBXBuildFile; fileRef = A88D57503D578F8E7F4C2BB0 /* Pods_DecimalExample.framework */; };
/* End PBXBuildFile section */

/* Begin PBXFileReference section */
		2CB7CFA7CB857EFB9B6AAC23 /* Pods-DecimalExample.debug.xcconfig */ = {isa = PBXFileReference; includeInIndex = 1; lastKnownFileType = text.xcconfig; name = "Pods-DecimalExample.debug.xcconfig"; path = "Target Support Files/Pods-DecimalExample/Pods-DecimalExample.debug.xcconfig"; sourceTree = "<group>"; };
		43BC8E5E271AA962007E1C1A /* DecimalExample.app */ = {isa = PBXFileReference; explicitFileType = wrapper.application; includeInIndex = 0; path = DecimalExample.app; sourceTree = BUILT_PRODUCTS_DIR; };
		43BC8E61271AA962007E1C1A /* AppDelegate.swift */ = {isa = PBXFileReference; lastKnownFileType = sourcecode.swift; path = AppDelegate.swift; sourceTree = "<group>"; };
		43BC8E63271AA962007E1C1A /* SceneDelegate.swift */ = {isa = PBXFileReference; lastKnownFileType = sourcecode.swift; path = SceneDelegate.swift; sourceTree = "<group>"; };
		43BC8E65271AA962007E1C1A /* ViewController.swift */ = {isa = PBXFileReference; lastKnownFileType = sourcecode.swift; path = ViewController.swift; sourceTree = "<group>"; };
		43BC8E68271AA962007E1C1A /* Base */ = {isa = PBXFileReference; lastKnownFileType = file.storyboard; name = Base; path = Base.lproj/Main.storyboard; sourceTree = "<group>"; };
		43BC8E6A271AA963007E1C1A /* Assets.xcassets */ = {isa = PBXFileReference; lastKnownFileType = folder.assetcatalog; path = Assets.xcassets; sourceTree = "<group>"; };
		43BC8E6D271AA963007E1C1A /* Base */ = {isa = PBXFileReference; lastKnownFileType = file.storyboard; name = Base; path = Base.lproj/LaunchScreen.storyboard; sourceTree = "<group>"; };
		43BC8E6F271AA963007E1C1A /* Info.plist */ = {isa = PBXFileReference; lastKnownFileType = text.plist.xml; path = Info.plist; sourceTree = "<group>"; };
		60890CB0DA72771F05408D7C /* Pods-DecimalExample.release.xcconfig */ = {isa = PBXFileReference; includeInIndex = 1; lastKnownFileType = text.xcconfig; name = "Pods-DecimalExample.release.xcconfig"; path = "Target Support Files/Pods-DecimalExample/Pods-DecimalExample.release.xcconfig"; sourceTree = "<group>"; };
		A88D57503D578F8E7F4C2BB0 /* Pods_DecimalExample.framework */ = {isa = PBXFileReference; explicitFileType = wrapper.framework; includeInIndex = 0; path = Pods_DecimalExample.framework; sourceTree = BUILT_PRODUCTS_DIR; };
/* End PBXFileReference section */

/* Begin PBXFrameworksBuildPhase section */
		43BC8E5B271AA962007E1C1A /* Frameworks */ = {
			isa = PBXFrameworksBuildPhase;
			buildActionMask = 2147483647;
			files = (
				CF7511A8A96BC605BCCFB3E3 /* Pods_DecimalExample.framework in Frameworks */,
			);
			runOnlyForDeploymentPostprocessing = 0;
		};
/* End PBXFrameworksBuildPhase section */

/* Begin PBXGroup section */
		43BC8E55271AA962007E1C1A = {
			isa = PBXGroup;
			children = (
				43BC8E60271AA962007E1C1A /* DecimalExample */,
				43BC8E5F271AA962007E1C1A /* Products */,
				ACF7D81DB302A649CCA544CB /* Pods */,
				FD6025A9718B20DFFB45827F /* Frameworks */,
			);
			sourceTree = "<group>";
		};
		43BC8E5F271AA962007E1C1A /* Products */ = {
			isa = PBXGroup;
			children = (
				43BC8E5E271AA962007E1C1A /* DecimalExample.app */,
			);
			name = Products;
			sourceTree = "<group>";
		};
		43BC8E60271AA962007E1C1A /* DecimalExample */ = {
			isa = PBXGroup;
			children = (
				43BC8E61271AA962007E1C1A /* AppDelegate.swift */,
				43BC8E63271AA962007E1C1A /* SceneDelegate.swift */,
				43BC8E65271AA962007E1C1A /* ViewController.swift */,
				43BC8E67271AA962007E1C1A /* Main.storyboard */,
				43BC8E6A271AA963007E1C1A /* Assets.xcassets */,
				43BC8E6C271AA963007E1C1A /* LaunchScreen.storyboard */,
				43BC8E6F271AA963007E1C1A /* Info.plist */,
			);
			path = DecimalExample;
			sourceTree = "<group>";
		};
		ACF7D81DB302A649CCA544CB /* Pods */ = {
			isa = PBXGroup;
			children = (
				2CB7CFA7CB857EFB9B6AAC23 /* Pods-DecimalExample.debug.xcconfig */,
				60890CB0DA72771F05408D7C /* Pods-DecimalExample.release.xcconfig */,
			);
			name = Pods;
			path = Pods;
			sourceTree = "<group>";
		};
		FD6025A9718B20DFFB45827F /* Frameworks */ = {
			isa = PBXGroup;
			children = (
				A88D57503D578F8E7F4C2BB0 /* Pods_DecimalExample.framework */,
			);
			name = Frameworks;
			sourceTree = "<group>";
		};
/* End PBXGroup section */

/* Begin PBXNativeTarget section */
		43BC8E5D271AA962007E1C1A /* DecimalExample */ = {
			isa = PBXNativeTarget;
			buildConfigurationList = 43BC8E72271AA963007E1C1A /* Build configuration list for PBXNativeTarget "DecimalExample" */;
			buildPhases = (
				FBABEFD449118E5B798EAFEB /* [CP] Check Pods Manifest.lock */,
				43BC8E5A271AA962007E1C1A /* Sources */,
				43BC8E5B271AA962007E1C1A /* Frameworks */,
				43BC8E5C271AA962007E1C1A /* Resources */,
				EDB86FB936DDD65292F9FDD0 /* [CP] Embed Pods Frameworks */,
			);
			buildRules = (
			);
			dependencies = (
			);
			name = DecimalExample;
			productName = DecimalExample;
			productReference = 43BC8E5E271AA962007E1C1A /* DecimalExample.app */;
			productType = "com.apple.product-type.application";
		};
/* End PBXNativeTarget section */

/* Begin PBXProject section */
		43BC8E56271AA962007E1C1A /* Project object */ = {
			isa = PBXProject;
			attributes = {
				BuildIndependentTargetsInParallel = 1;
				LastSwiftUpdateCheck = 1300;
				LastUpgradeCheck = 1300;
				TargetAttributes = {
					43BC8E5D271AA962007E1C1A = {
						CreatedOnToolsVersion = 13.0;
					};
				};
			};
			buildConfigurationList = 43BC8E59271AA962007E1C1A /* Build configuration list for PBXProject "DecimalExample" */;
			compatibilityVersion = "Xcode 8.0";
			developmentRegion = en;
			hasScannedForEncodings = 0;
			knownRegions = (
				en,
				Base,
			);
			mainGroup = 43BC8E55271AA962007E1C1A;
			productRefGroup = 43BC8E5F271AA962007E1C1A /* Products */;
			projectDirPath = "";
			projectRoot = "";
			targets = (
				43BC8E5D271AA962007E1C1A /* DecimalExample */,
			);
		};
/* End PBXProject section */

/* Begin PBXResourcesBuildPhase section */
		43BC8E5C271AA962007E1C1A /* Resources */ = {
			isa = PBXResourcesBuildPhase;
			buildActionMask = 2147483647;
			files = (
				43BC8E6E271AA963007E1C1A /* LaunchScreen.storyboard in Resources */,
				43BC8E6B271AA963007E1C1A /* Assets.xcassets in Resources */,
				43BC8E69271AA962007E1C1A /* Main.storyboard in Resources */,
			);
			runOnlyForDeploymentPostprocessing = 0;
		};
/* End PBXResourcesBuildPhase section */

/* Begin PBXShellScriptBuildPhase section */
		EDB86FB936DDD65292F9FDD0 /* [CP] Embed Pods Frameworks */ = {
			isa = PBXShellScriptBuildPhase;
			buildActionMask = 2147483647;
			files = (
			);
			inputPaths = (
				"${PODS_ROOT}/Target Support Files/Pods-DecimalExample/Pods-DecimalExample-frameworks.sh",
				"${BUILT_PRODUCTS_DIR}/IQKeyboardManagerSwift/IQKeyboardManagerSwift.framework",
			);
			name = "[CP] Embed Pods Frameworks";
			outputPaths = (
				"${TARGET_BUILD_DIR}/${FRAMEWORKS_FOLDER_PATH}/IQKeyboardManagerSwift.framework",
			);
			runOnlyForDeploymentPostprocessing = 0;
			shellPath = /bin/sh;
			shellScript = "\"${PODS_ROOT}/Target Support Files/Pods-DecimalExample/Pods-DecimalExample-frameworks.sh\"\n";
			showEnvVarsInLog = 0;
		};
		FBABEFD449118E5B798EAFEB /* [CP] Check Pods Manifest.lock */ = {
			isa = PBXShellScriptBuildPhase;
			buildActionMask = 2147483647;
			files = (
			);
			inputFileListPaths = (
			);
			inputPaths = (
				"${PODS_PODFILE_DIR_PATH}/Podfile.lock",
				"${PODS_ROOT}/Manifest.lock",
			);
			name = "[CP] Check Pods Manifest.lock";
			outputFileListPaths = (
			);
			outputPaths = (
				"$(DERIVED_FILE_DIR)/Pods-DecimalExample-checkManifestLockResult.txt",
			);
			runOnlyForDeploymentPostprocessing = 0;
			shellPath = /bin/sh;
			shellScript = "diff \"${PODS_PODFILE_DIR_PATH}/Podfile.lock\" \"${PODS_ROOT}/Manifest.lock\" > /dev/null\nif [ $? != 0 ] ; then\n    # print error to STDERR\n    echo \"error: The sandbox is not in sync with the Podfile.lock. Run 'pod install' or update your CocoaPods installation.\" >&2\n    exit 1\nfi\n# This output is used by Xcode 'outputs' to avoid re-running this script phase.\necho \"SUCCESS\" > \"${SCRIPT_OUTPUT_FILE_0}\"\n";
			showEnvVarsInLog = 0;
		};
/* End PBXShellScriptBuildPhase section */

/* Begin PBXSourcesBuildPhase section */
		43BC8E5A271AA962007E1C1A /* Sources */ = {
			isa = PBXSourcesBuildPhase;
			buildActionMask = 2147483647;
			files = (
				43BC8E66271AA962007E1C1A /* ViewController.swift in Sources */,
				43BC8E62271AA962007E1C1A /* AppDelegate.swift in Sources */,
				43BC8E64271AA962007E1C1A /* SceneDelegate.swift in Sources */,
			);
			runOnlyForDeploymentPostprocessing = 0;
		};
/* End PBXSourcesBuildPhase section */

/* Begin PBXVariantGroup section */
		43BC8E67271AA962007E1C1A /* Main.storyboard */ = {
			isa = PBXVariantGroup;
			children = (
				43BC8E68271AA962007E1C1A /* Base */,
			);
			name = Main.storyboard;
			sourceTree = "<group>";
		};
		43BC8E6C271AA963007E1C1A /* LaunchScreen.storyboard */ = {
			isa = PBXVariantGroup;
			children = (
				43BC8E6D271AA963007E1C1A /* Base */,
			);
			name = LaunchScreen.storyboard;
			sourceTree = "<group>";
		};
/* End PBXVariantGroup section */

/* Begin XCBuildConfiguration section */
		43BC8E70271AA963007E1C1A /* Debug */ = {
			isa = XCBuildConfiguration;
			buildSettings = {
				ALWAYS_SEARCH_USER_PATHS = NO;
				CLANG_ANALYZER_NONNULL = YES;
				CLANG_ANALYZER_NUMBER_OBJECT_CONVERSION = YES_AGGRESSIVE;
				CLANG_CXX_LANGUAGE_STANDARD = "gnu++17";
				CLANG_CXX_LIBRARY = "libc++";
				CLANG_ENABLE_MODULES = YES;
				CLANG_ENABLE_OBJC_ARC = YES;
				CLANG_ENABLE_OBJC_WEAK = YES;
				CLANG_WARN_BLOCK_CAPTURE_AUTORELEASING = YES;
				CLANG_WARN_BOOL_CONVERSION = YES;
				CLANG_WARN_COMMA = YES;
				CLANG_WARN_CONSTANT_CONVERSION = YES;
				CLANG_WARN_DEPRECATED_OBJC_IMPLEMENTATIONS = YES;
				CLANG_WARN_DIRECT_OBJC_ISA_USAGE = YES_ERROR;
				CLANG_WARN_DOCUMENTATION_COMMENTS = YES;
				CLANG_WARN_EMPTY_BODY = YES;
				CLANG_WARN_ENUM_CONVERSION = YES;
				CLANG_WARN_INFINITE_RECURSION = YES;
				CLANG_WARN_INT_CONVERSION = YES;
				CLANG_WARN_NON_LITERAL_NULL_CONVERSION = YES;
				CLANG_WARN_OBJC_IMPLICIT_RETAIN_SELF = YES;
				CLANG_WARN_OBJC_LITERAL_CONVERSION = YES;
				CLANG_WARN_OBJC_ROOT_CLASS = YES_ERROR;
				CLANG_WARN_QUOTED_INCLUDE_IN_FRAMEWORK_HEADER = YES;
				CLANG_WARN_RANGE_LOOP_ANALYSIS = YES;
				CLANG_WARN_STRICT_PROTOTYPES = YES;
				CLANG_WARN_SUSPICIOUS_MOVE = YES;
				CLANG_WARN_UNGUARDED_AVAILABILITY = YES_AGGRESSIVE;
				CLANG_WARN_UNREACHABLE_CODE = YES;
				CLANG_WARN__DUPLICATE_METHOD_MATCH = YES;
				COPY_PHASE_STRIP = NO;
				DEBUG_INFORMATION_FORMAT = dwarf;
				ENABLE_STRICT_OBJC_MSGSEND = YES;
				ENABLE_TESTABILITY = YES;
				GCC_C_LANGUAGE_STANDARD = gnu11;
				GCC_DYNAMIC_NO_PIC = NO;
				GCC_NO_COMMON_BLOCKS = YES;
				GCC_OPTIMIZATION_LEVEL = 0;
				GCC_PREPROCESSOR_DEFINITIONS = (
					"DEBUG=1",
					"$(inherited)",
				);
				GCC_WARN_64_TO_32_BIT_CONVERSION = YES;
				GCC_WARN_ABOUT_RETURN_TYPE = YES_ERROR;
				GCC_WARN_UNDECLARED_SELECTOR = YES;
				GCC_WARN_UNINITIALIZED_AUTOS = YES_AGGRESSIVE;
				GCC_WARN_UNUSED_FUNCTION = YES;
				GCC_WARN_UNUSED_VARIABLE = YES;
				IPHONEOS_DEPLOYMENT_TARGET = 15.0;
				MTL_ENABLE_DEBUG_INFO = INCLUDE_SOURCE;
				MTL_FAST_MATH = YES;
				ONLY_ACTIVE_ARCH = YES;
				SDKROOT = iphoneos;
				SWIFT_ACTIVE_COMPILATION_CONDITIONS = DEBUG;
				SWIFT_OPTIMIZATION_LEVEL = "-Onone";
			};
			name = Debug;
		};
		43BC8E71271AA963007E1C1A /* Release */ = {
			isa = XCBuildConfiguration;
			buildSettings = {
				ALWAYS_SEARCH_USER_PATHS = NO;
				CLANG_ANALYZER_NONNULL = YES;
				CLANG_ANALYZER_NUMBER_OBJECT_CONVERSION = YES_AGGRESSIVE;
				CLANG_CXX_LANGUAGE_STANDARD = "gnu++17";
				CLANG_CXX_LIBRARY = "libc++";
				CLANG_ENABLE_MODULES = YES;
				CLANG_ENABLE_OBJC_ARC = YES;
				CLANG_ENABLE_OBJC_WEAK = YES;
				CLANG_WARN_BLOCK_CAPTURE_AUTORELEASING = YES;
				CLANG_WARN_BOOL_CONVERSION = YES;
				CLANG_WARN_COMMA = YES;
				CLANG_WARN_CONSTANT_CONVERSION = YES;
				CLANG_WARN_DEPRECATED_OBJC_IMPLEMENTATIONS = YES;
				CLANG_WARN_DIRECT_OBJC_ISA_USAGE = YES_ERROR;
				CLANG_WARN_DOCUMENTATION_COMMENTS = YES;
				CLANG_WARN_EMPTY_BODY = YES;
				CLANG_WARN_ENUM_CONVERSION = YES;
				CLANG_WARN_INFINITE_RECURSION = YES;
				CLANG_WARN_INT_CONVERSION = YES;
				CLANG_WARN_NON_LITERAL_NULL_CONVERSION = YES;
				CLANG_WARN_OBJC_IMPLICIT_RETAIN_SELF = YES;
				CLANG_WARN_OBJC_LITERAL_CONVERSION = YES;
				CLANG_WARN_OBJC_ROOT_CLASS = YES_ERROR;
				CLANG_WARN_QUOTED_INCLUDE_IN_FRAMEWORK_HEADER = YES;
				CLANG_WARN_RANGE_LOOP_ANALYSIS = YES;
				CLANG_WARN_STRICT_PROTOTYPES = YES;
				CLANG_WARN_SUSPICIOUS_MOVE = YES;
				CLANG_WARN_UNGUARDED_AVAILABILITY = YES_AGGRESSIVE;
				CLANG_WARN_UNREACHABLE_CODE = YES;
				CLANG_WARN__DUPLICATE_METHOD_MATCH = YES;
				COPY_PHASE_STRIP = NO;
				DEBUG_INFORMATION_FORMAT = "dwarf-with-dsym";
				ENABLE_NS_ASSERTIONS = NO;
				ENABLE_STRICT_OBJC_MSGSEND = YES;
				GCC_C_LANGUAGE_STANDARD = gnu11;
				GCC_NO_COMMON_BLOCKS = YES;
				GCC_WARN_64_TO_32_BIT_CONVERSION = YES;
				GCC_WARN_ABOUT_RETURN_TYPE = YES_ERROR;
				GCC_WARN_UNDECLARED_SELECTOR = YES;
				GCC_WARN_UNINITIALIZED_AUTOS = YES_AGGRESSIVE;
				GCC_WARN_UNUSED_FUNCTION = YES;
				GCC_WARN_UNUSED_VARIABLE = YES;
				IPHONEOS_DEPLOYMENT_TARGET = 15.0;
				MTL_ENABLE_DEBUG_INFO = NO;
				MTL_FAST_MATH = YES;
				SDKROOT = iphoneos;
				SWIFT_COMPILATION_MODE = wholemodule;
				SWIFT_OPTIMIZATION_LEVEL = "-O";
				VALIDATE_PRODUCT = YES;
			};
			name = Release;
		};
		43BC8E73271AA963007E1C1A /* Debug */ = {
			isa = XCBuildConfiguration;
			baseConfigurationReference = 2CB7CFA7CB857EFB9B6AAC23 /* Pods-DecimalExample.debug.xcconfig */;
			buildSettings = {
				ASSETCATALOG_COMPILER_APPICON_NAME = AppIcon;
				ASSETCATALOG_COMPILER_GLOBAL_ACCENT_COLOR_NAME = AccentColor;
				CODE_SIGN_STYLE = Automatic;
				CURRENT_PROJECT_VERSION = 1;
				DEVELOPMENT_TEAM = 93VL278Y3Q;
				GENERATE_INFOPLIST_FILE = YES;
				INFOPLIST_FILE = DecimalExample/Info.plist;
				INFOPLIST_KEY_UIApplicationSupportsIndirectInputEvents = YES;
				INFOPLIST_KEY_UILaunchStoryboardName = LaunchScreen;
				INFOPLIST_KEY_UIMainStoryboardFile = Main;
				INFOPLIST_KEY_UISupportedInterfaceOrientations = UIInterfaceOrientationPortrait;
				INFOPLIST_KEY_UISupportedInterfaceOrientations_iPad = "UIInterfaceOrientationPortrait UIInterfaceOrientationPortraitUpsideDown UIInterfaceOrientationLandscapeLeft UIInterfaceOrientationLandscapeRight";
				INFOPLIST_KEY_UISupportedInterfaceOrientations_iPhone = "UIInterfaceOrientationPortrait UIInterfaceOrientationLandscapeLeft UIInterfaceOrientationLandscapeRight";
				IPHONEOS_DEPLOYMENT_TARGET = 13.0;
				LD_RUNPATH_SEARCH_PATHS = (
					"$(inherited)",
					"@executable_path/Frameworks",
				);
				MARKETING_VERSION = 1.0;
				PRODUCT_BUNDLE_IDENTIFIER = com.hv.DecimalExample;
				PRODUCT_NAME = "$(TARGET_NAME)";
				SWIFT_EMIT_LOC_STRINGS = YES;
				SWIFT_VERSION = 5.0;
				TARGETED_DEVICE_FAMILY = 1;
			};
			name = Debug;
		};
		43BC8E74271AA963007E1C1A /* Release */ = {
			isa = XCBuildConfiguration;
			baseConfigurationReference = 60890CB0DA72771F05408D7C /* Pods-DecimalExample.release.xcconfig */;
			buildSettings = {
				ASSETCATALOG_COMPILER_APPICON_NAME = AppIcon;
				ASSETCATALOG_COMPILER_GLOBAL_ACCENT_COLOR_NAME = AccentColor;
				CODE_SIGN_STYLE = Automatic;
				CURRENT_PROJECT_VERSION = 1;
				DEVELOPMENT_TEAM = 93VL278Y3Q;
				GENERATE_INFOPLIST_FILE = YES;
				INFOPLIST_FILE = DecimalExample/Info.plist;
				INFOPLIST_KEY_UIApplicationSupportsIndirectInputEvents = YES;
				INFOPLIST_KEY_UILaunchStoryboardName = LaunchScreen;
				INFOPLIST_KEY_UIMainStoryboardFile = Main;
				INFOPLIST_KEY_UISupportedInterfaceOrientations = UIInterfaceOrientationPortrait;
				INFOPLIST_KEY_UISupportedInterfaceOrientations_iPad = "UIInterfaceOrientationPortrait UIInterfaceOrientationPortraitUpsideDown UIInterfaceOrientationLandscapeLeft UIInterfaceOrientationLandscapeRight";
				INFOPLIST_KEY_UISupportedInterfaceOrientations_iPhone = "UIInterfaceOrientationPortrait UIInterfaceOrientationLandscapeLeft UIInterfaceOrientationLandscapeRight";
				IPHONEOS_DEPLOYMENT_TARGET = 13.0;
				LD_RUNPATH_SEARCH_PATHS = (
					"$(inherited)",
					"@executable_path/Frameworks",
				);
				MARKETING_VERSION = 1.0;
				PRODUCT_BUNDLE_IDENTIFIER = com.hv.DecimalExample;
				PRODUCT_NAME = "$(TARGET_NAME)";
				SWIFT_EMIT_LOC_STRINGS = YES;
				SWIFT_VERSION = 5.0;
				TARGETED_DEVICE_FAMILY = 1;
			};
			name = Release;
		};
/* End XCBuildConfiguration section */

/* Begin XCConfigurationList section */
		43BC8E59271AA962007E1C1A /* Build configuration list for PBXProject "DecimalExample" */ = {
			isa = XCConfigurationList;
			buildConfigurations = (
				43BC8E70271AA963007E1C1A /* Debug */,
				43BC8E71271AA963007E1C1A /* Release */,
			);
			defaultConfigurationIsVisible = 0;
			defaultConfigurationName = Release;
		};
		43BC8E72271AA963007E1C1A /* Build configuration list for PBXNativeTarget "DecimalExample" */ = {
			isa = XCConfigurationList;
			buildConfigurations = (
				43BC8E73271AA963007E1C1A /* Debug */,
				43BC8E74271AA963007E1C1A /* Release */,
			);
			defaultConfigurationIsVisible = 0;
			defaultConfigurationName = Release;
		};
/* End XCConfigurationList section */
	};
	rootObject = 43BC8E56271AA962007E1C1A /* Project object */;
}
